
Microsoft Visual Studio Solution File, Format Version 12.00
# Visual Studio Version 17
VisualStudioVersion = 17.10.35004.147
MinimumVisualStudioVersion = 10.0.40219.1
Project("{FAE04EC0-301F-11D3-BF4B-00C04F79EFBC}") = "pz2_penkina", "pz2_penkina\pz2_penkina.csproj", "{BDBE4215-9173-4BE4-A4ED-656399D5FBF2}"
EndProject
Global
	GlobalSection(SolutionConfigurationPlatforms) = preSolution
		Debug|Any CPU = Debug|Any CPU
		Release|Any CPU = Release|Any CPU
	EndGlobalSection
	GlobalSection(ProjectConfigurationPlatforms) = postSolution
		{BDBE4215-9173-4BE4-A4ED-656399D5FBF2}.Debug|Any CPU.ActiveCfg = Debug|Any CPU
		{BDBE4215-9173-4BE4-A4ED-656399D5FBF2}.Debug|Any CPU.Build.0 = Debug|Any CPU
		{BDBE4215-9173-4BE4-A4ED-656399D5FBF2}.Release|Any CPU.ActiveCfg = Release|Any CPU
		{BDBE4215-9173-4BE4-A4ED-656399D5FBF2}.Release|Any CPU.Build.0 = Release|Any CPU
	EndGlobalSection
	GlobalSection(SolutionProperties) = preSolution
		HideSolutionNode = FALSE
	EndGlobalSection
	GlobalSection(ExtensibilityGlobals) = postSolution
		SolutionGuid = {8724A467-528B-4E1E-9D6A-A6E63C1D6C53}
	EndGlobalSection
EndGlobal
